
Microsoft Visual Studio Solution File, Format Version 12.00
Project("{FAE04EC0-301F-11D3-BF4B-00C04F79EFBC}") = "AdvancedTests.ECommerce.Domain", "AdavancedTests.ECommerce.Domain\AdvancedTests.ECommerce.Domain.csproj", "{360C7E59-A569-4F0E-8521-A21A115CA668}"
EndProject
Project("{FAE04EC0-301F-11D3-BF4B-00C04F79EFBC}") = "AdvancedTests.ECommerce.UnitTests", "AdvancedTests.ECommerce.UnitTests\AdvancedTests.ECommerce.UnitTests.csproj", "{2B4AF5A5-1884-4815-ADDC-8AF09AA1D648}"
EndProject
Global
	GlobalSection(SolutionConfigurationPlatforms) = preSolution
		Debug|Any CPU = Debug|Any CPU
		Release|Any CPU = Release|Any CPU
	EndGlobalSection
	GlobalSection(ProjectConfigurationPlatforms) = postSolution
		{360C7E59-A569-4F0E-8521-A21A115CA668}.Debug|Any CPU.ActiveCfg = Debug|Any CPU
		{360C7E59-A569-4F0E-8521-A21A115CA668}.Debug|Any CPU.Build.0 = Debug|Any CPU
		{360C7E59-A569-4F0E-8521-A21A115CA668}.Release|Any CPU.ActiveCfg = Release|Any CPU
		{360C7E59-A569-4F0E-8521-A21A115CA668}.Release|Any CPU.Build.0 = Release|Any CPU
		{2B4AF5A5-1884-4815-ADDC-8AF09AA1D648}.Debug|Any CPU.ActiveCfg = Debug|Any CPU
		{2B4AF5A5-1884-4815-ADDC-8AF09AA1D648}.Debug|Any CPU.Build.0 = Debug|Any CPU
		{2B4AF5A5-1884-4815-ADDC-8AF09AA1D648}.Release|Any CPU.ActiveCfg = Release|Any CPU
		{2B4AF5A5-1884-4815-ADDC-8AF09AA1D648}.Release|Any CPU.Build.0 = Release|Any CPU
	EndGlobalSection
EndGlobal
